# This file is autogenerated, do not edit; changes may be undone by the next 'dep ensure'.


[[projects]]
  branch = "master"
  digest = "1:779314b8192067e4e6b369c357288c489c242c86616cbb35dc78b3b3d57cdd1a"
  name = "github.com/afex/hystrix-go"
  packages = [
    "hystrix",
    "hystrix/metric_collector",
    "hystrix/rolling",
  ]
  pruneopts = "UT"
  revision = "27fae8d30f1a3cbcab6618d2ee55a4cb43064376"

[[projects]]
  digest = "1:a2c1d0e43bd3baaa071d1b9ed72c27d78169b2b269f71c105ac4ba34b1be4a39"
  name = "github.com/davecgh/go-spew"
  packages = ["spew"]
  pruneopts = "UT"
  revision = "346938d642f2ec3594ed81d874461961cd0faa76"
  version = "v1.1.0"

[[projects]]
  digest = "1:4f9da36d750deeff2ed82b44b15245337d1a2f1bf8a671c80f97059d7ce8517d"
  name = "github.com/gojektech/valkyrie"
  packages = ["."]
  pruneopts = "UT"
  revision = "6aee720afcdffc337029305c126e0079491063f0"
  version = "v1.0"

[[projects]]
  digest = "1:40e195917a951a8bf867cd05de2a46aaf1806c50cf92eebf4c16f78cd196f747"
  name = "github.com/pkg/errors"
  packages = ["."]
  pruneopts = "UT"
  revision = "645ef00459ed84a119197bfb8d8205042c6df63d"
  version = "v0.8.0"

[[projects]]
  digest = "1:0028cb19b2e4c3112225cd871870f2d9cf49b9b4276531f03438a88e94be86fe"
  name = "github.com/pmezard/go-difflib"
  packages = ["difflib"]
  pruneopts = "UT"
  revision = "792786c7400a136282c1664665ae0a8db921c6c2"
  version = "v1.0.0"

[[projects]]
  digest = "1:73697231b93fb74a73ebd8384b68b9a60c57ea6b13c56d2425414566a72c8e6d"
  name = "github.com/stretchr/testify"
  packages = [
    "assert",
    "require",
  ]
  pruneopts = "UT"
  revision = "12b6f73e6084dad08a7c6e575284b177ecafbc71"
  version = "v1.2.1"

[solve-meta]
  analyzer-name = "dep"
  analyzer-version = 1
  input-imports = [
    "github.com/afex/hystrix-go/hystrix",
    "github.com/gojektech/valkyrie",
    "github.com/pkg/errors",
    "github.com/stretchr/testify/assert",
    "github.com/stretchr/testify/require",
  ]
  solver-name = "gps-cdcl"
  solver-version = 1
